{
  "name": "userscripts",
  "lockfileVersion": 2,
  "requires": true,
  "packages": {
    "": {
      "devDependencies": {
        "@conduitry/eslint-config": "git+https://chor.date/eslint-config"
      }
    },
    "node_modules/@conduitry/eslint-config": {
      "version": "0.0.0",
      "resolved": "git+https://chor.date/eslint-config#bcfdb94f878d4da8bf0a141c61367eaf14594caa",
      "dev": true,
      "peerDependencies": {
        "eslint": ">=6"
      },
      "peerDependenciesMeta": {
        "eslint": {
          "optional": true
        }
      }
    }
  },
  "dependencies": {
    "@conduitry/eslint-config": {
      "version": "git+https://chor.date/eslint-config#bcfdb94f878d4da8bf0a141c61367eaf14594caa",
      "dev": true,
      "from": "@conduitry/eslint-config@git+https://chor.date/eslint-config",
      "requires": {}
    }
  }
}
